
Microsoft Visual Studio Solution File, Format Version 12.00
# Visual Studio Version 16
VisualStudioVersion = 16.0.30413.136
MinimumVisualStudioVersion = 10.0.40219.1
Project("{FAE04EC0-301F-11D3-BF4B-00C04F79EFBC}") = "kadai1", "kadai1.csproj", "{C7BAD3B7-F9BE-4783-9209-7DFFDA6C2BEA}"
EndProject
Global
	GlobalSection(SolutionConfigurationPlatforms) = preSolution
		Debug|Any CPU = Debug|Any CPU
		Release|Any CPU = Release|Any CPU
	EndGlobalSection
	GlobalSection(ProjectConfigurationPlatforms) = postSolution
		{C7BAD3B7-F9BE-4783-9209-7DFFDA6C2BEA}.Debug|Any CPU.ActiveCfg = Debug|Any CPU
		{C7BAD3B7-F9BE-4783-9209-7DFFDA6C2BEA}.Debug|Any CPU.Build.0 = Debug|Any CPU
		{C7BAD3B7-F9BE-4783-9209-7DFFDA6C2BEA}.Release|Any CPU.ActiveCfg = Release|Any CPU
		{C7BAD3B7-F9BE-4783-9209-7DFFDA6C2BEA}.Release|Any CPU.Build.0 = Release|Any CPU
	EndGlobalSection
	GlobalSection(SolutionProperties) = preSolution
		HideSolutionNode = FALSE
	EndGlobalSection
	GlobalSection(ExtensibilityGlobals) = postSolution
		SolutionGuid = {FF4BAA45-81B3-46B2-A8C5-CFB6855BB131}
	EndGlobalSection
EndGlobal
